
Microsoft Visual Studio Solution File, Format Version 12.00
# Visual Studio Version 16
VisualStudioVersion = 16.0.31911.196
MinimumVisualStudioVersion = 10.0.40219.1
Project("{FAE04EC0-301F-11D3-BF4B-00C04F79EFBC}") = "Insurance", "Insurance\Insurance.csproj", "{0E9173A9-1151-47CA-8C35-B7F2B35E52B8}"
EndProject
Global
	GlobalSection(SolutionConfigurationPlatforms) = preSolution
		Debug|Any CPU = Debug|Any CPU
		Release|Any CPU = Release|Any CPU
	EndGlobalSection
	GlobalSection(ProjectConfigurationPlatforms) = postSolution
		{0E9173A9-1151-47CA-8C35-B7F2B35E52B8}.Debug|Any CPU.ActiveCfg = Debug|Any CPU
		{0E9173A9-1151-47CA-8C35-B7F2B35E52B8}.Debug|Any CPU.Build.0 = Debug|Any CPU
		{0E9173A9-1151-47CA-8C35-B7F2B35E52B8}.Release|Any CPU.ActiveCfg = Release|Any CPU
		{0E9173A9-1151-47CA-8C35-B7F2B35E52B8}.Release|Any CPU.Build.0 = Release|Any CPU
	EndGlobalSection
	GlobalSection(SolutionProperties) = preSolution
		HideSolutionNode = FALSE
	EndGlobalSection
	GlobalSection(ExtensibilityGlobals) = postSolution
		SolutionGuid = {41DDEBDB-9174-455E-A7DD-0C354D32E99D}
	EndGlobalSection
EndGlobal
